
Microsoft Visual Studio Solution File, Format Version 12.00
# Visual Studio 2015
Project("{FAE04EC0-301F-11D3-BF4B-00C04F79EFBC}") = "Setup.CSharp.Plugins", "Setup.CSharp.Plugins.csproj", "{0FF76762-5437-1060-4F9D-B97180AE1D62}"
EndProject
Project("{FAE04EC0-301F-11D3-BF4B-00C04F79EFBC}") = "Setup.CSharp", "Setup.CSharp.csproj", "{17735F64-A8A3-A5D7-2526-1281CD7B5D31}"
EndProject
Project("{FAE04EC0-301F-11D3-BF4B-00C04F79EFBC}") = "Setup.CSharp.Editor", "Setup.CSharp.Editor.csproj", "{2BAFB9DA-F65A-8838-2E6D-FCF0FFB035AA}"
EndProject
Global
	GlobalSection(SolutionConfigurationPlatforms) = preSolution
		Debug|Any CPU = Debug|Any CPU
		Release|Any CPU = Release|Any CPU
	EndGlobalSection
	GlobalSection(ProjectConfigurationPlatforms) = postSolution
		{0FF76762-5437-1060-4F9D-B97180AE1D62}.Debug|Any CPU.ActiveCfg = Debug|Any CPU
		{0FF76762-5437-1060-4F9D-B97180AE1D62}.Debug|Any CPU.Build.0 = Debug|Any CPU
		{0FF76762-5437-1060-4F9D-B97180AE1D62}.Release|Any CPU.ActiveCfg = Release|Any CPU
		{0FF76762-5437-1060-4F9D-B97180AE1D62}.Release|Any CPU.Build.0 = Release|Any CPU
		{17735F64-A8A3-A5D7-2526-1281CD7B5D31}.Debug|Any CPU.ActiveCfg = Debug|Any CPU
		{17735F64-A8A3-A5D7-2526-1281CD7B5D31}.Debug|Any CPU.Build.0 = Debug|Any CPU
		{17735F64-A8A3-A5D7-2526-1281CD7B5D31}.Release|Any CPU.ActiveCfg = Release|Any CPU
		{17735F64-A8A3-A5D7-2526-1281CD7B5D31}.Release|Any CPU.Build.0 = Release|Any CPU
		{2BAFB9DA-F65A-8838-2E6D-FCF0FFB035AA}.Debug|Any CPU.ActiveCfg = Debug|Any CPU
		{2BAFB9DA-F65A-8838-2E6D-FCF0FFB035AA}.Debug|Any CPU.Build.0 = Debug|Any CPU
		{2BAFB9DA-F65A-8838-2E6D-FCF0FFB035AA}.Release|Any CPU.ActiveCfg = Release|Any CPU
		{2BAFB9DA-F65A-8838-2E6D-FCF0FFB035AA}.Release|Any CPU.Build.0 = Release|Any CPU
	EndGlobalSection
	GlobalSection(SolutionProperties) = preSolution
		HideSolutionNode = FALSE
	EndGlobalSection
EndGlobal
